{
  "name": "listenbrainz-blue",
  "version": "1.0.0",
  "lockfileVersion": 3,
  "requires": true,
  "packages": {
    "": {
      "name": "listenbrainz-blue",
      "version": "1.0.0",
      "license": "MIT",
      "dependencies": {
        "@atproto/api": "^0.20.18",
        "playwright": "^1.49.0"
      }
    },
    "node_modules/@atproto/api": {
      "version": "0.20.18",
      "resolved": "https://registry.npmjs.org/@atproto/api/-/api-0.20.18.tgz",
      "integrity": "sha512-JaU5uCvfusHD88uBFBtYpdKIhSo7AWx2NscRAPHdDJP6pLKhzPAJ4sVPOunrXahr0/f37QmPlFToajqV5XpPTw==",
      "license": "MIT",
      "dependencies": {
        "@atproto/common-web": "^0.5.1",
        "@atproto/lexicon": "^0.7.2",
        "@atproto/syntax": "^0.6.2",
        "@atproto/xrpc": "^0.8.1",
        "await-lock": "^3.0.0",
        "multiformats": "^13.0.0",
        "tlds": "^1.234.0",
        "zod": "^3.23.8"
      },
      "engines": {
        "node": ">=22"
      }
    },
    "node_modules/@atproto/common-web": {
      "version": "0.5.1",
      "resolved": "https://registry.npmjs.org/@atproto/common-web/-/common-web-0.5.1.tgz",
      "integrity": "sha512-nru02gLyzjMQn4ZFgms9ry3kIAKwMaCAvjeFhB9mU6h1ABiSho7aRDbGvnU50CC88TROXuZlgRiEkBjnuiHEtA==",
      "license": "MIT",
      "dependencies": {
        "@atproto/lex-data": "^0.1.2",
        "@atproto/lex-json": "^0.1.1",
        "@atproto/syntax": "^0.6.2",
        "zod": "^3.23.8"
      },
      "engines": {
        "node": ">=22"
      }
    },
    "node_modules/@atproto/lex-data": {
      "version": "0.1.2",
      "resolved": "https://registry.npmjs.org/@atproto/lex-data/-/lex-data-0.1.2.tgz",
      "integrity": "sha512-NZ4iZvNaqTM6pz+9VRDyEjtozrrf2EDHySNi3Xa8PCzS8gRMCvsnnsvM7r264v4eSqNIDhBB8fr9hfWCHMspXg==",
      "license": "MIT",
      "dependencies": {
        "multiformats": "^13.0.0",
        "tslib": "^2.8.1",
        "uint8arrays": "^5.0.0",
        "unicode-segmenter": "^0.14.0"
      },
      "engines": {
        "node": ">=22"
      }
    },
    "node_modules/@atproto/lex-json": {
      "version": "0.1.1",
      "resolved": "https://registry.npmjs.org/@atproto/lex-json/-/lex-json-0.1.1.tgz",
      "integrity": "sha512-FC/NsKHm8TDzWikvf/268T3mMAh6+f31yfCApWC3SvrhWc9c06cSYPp7qzpXcdV0OdB+I5dqHScuTB5OC7HrXg==",
      "license": "MIT",
      "dependencies": {
        "@atproto/lex-data": "^0.1.2",
        "tslib": "^2.8.1"
      },
      "engines": {
        "node": ">=22"
      }
    },
    "node_modules/@atproto/lexicon": {
      "version": "0.7.2",
      "resolved": "https://registry.npmjs.org/@atproto/lexicon/-/lexicon-0.7.2.tgz",
      "integrity": "sha512-LVZcTr5+9Qh0okZnNmfRiIDPfbL/6rRxf4goiQxPxwDzaeUDhn4M209i1drmiitbCO1qRLJA2hHF54yNA75Cig==",
      "license": "MIT",
      "dependencies": {
        "@atproto/common-web": "^0.5.1",
        "@atproto/syntax": "^0.6.2",
        "multiformats": "^13.0.0",
        "zod": "^3.23.8"
      },
      "engines": {
        "node": ">=22"
      }
    },
    "node_modules/@atproto/syntax": {
      "version": "0.6.2",
      "resolved": "https://registry.npmjs.org/@atproto/syntax/-/syntax-0.6.2.tgz",
      "integrity": "sha512-h3njTNFl/jv5kTbDqfamQGOJfGbulqLDuAiLbasKwVdBhFyQanpRLa6vE2WqTwv1XEFWLYNMH0KCVsYwT2+aww==",
      "license": "MIT",
      "dependencies": {
        "iso-datestring-validator": "^2.2.2",
        "tslib": "^2.8.1"
      },
      "engines": {
        "node": ">=22"
      }
    },
    "node_modules/@atproto/xrpc": {
      "version": "0.8.1",
      "resolved": "https://registry.npmjs.org/@atproto/xrpc/-/xrpc-0.8.1.tgz",
      "integrity": "sha512-sKopRG3an6LN6NfHnRNIEX1fBx3CRtxbNFWQxyse2f86wMcTuXM+/+olN4lVXgFQgv4AWvKTxRXWyuIF2G4YxQ==",
      "license": "MIT",
      "dependencies": {
        "@atproto/lexicon": "^0.7.2",
        "zod": "^3.23.8"
      },
      "engines": {
        "node": ">=22"
      }
    },
    "node_modules/await-lock": {
      "version": "3.0.0",
      "resolved": "https://registry.npmjs.org/await-lock/-/await-lock-3.0.0.tgz",
      "integrity": "sha512-eO6fLiSnrJrMdjWMNK8zbVRXPs2TKJg78iKZd9wDpN3na5tcoV6EoeiOlMgk2QaAQ1gIrK1YuMsJHXWqz89tSA==",
      "license": "MIT"
    },
    "node_modules/fsevents": {
      "version": "2.3.2",
      "resolved": "https://registry.npmjs.org/fsevents/-/fsevents-2.3.2.tgz",
      "integrity": "sha512-xiqMQR4xAeHTuB9uWm+fFRcIOgKBMiOBP+eXiyT7jsgVCq1bkVygt00oASowB7EdtpOHaaPgKt812P9ab+DDKA==",
      "hasInstallScript": true,
      "license": "MIT",
      "optional": true,
      "os": [
        "darwin"
      ],
      "engines": {
        "node": "^8.16.0 || ^10.6.0 || >=11.0.0"
      }
    },
    "node_modules/iso-datestring-validator": {
      "version": "2.2.2",
      "resolved": "https://registry.npmjs.org/iso-datestring-validator/-/iso-datestring-validator-2.2.2.tgz",
      "integrity": "sha512-yLEMkBbLZTlVQqOnQ4FiMujR6T4DEcCb1xizmvXS+OxuhwcbtynoosRzdMA69zZCShCNAbi+gJ71FxZBBXx1SA==",
      "license": "MIT"
    },
    "node_modules/multiformats": {
      "version": "13.4.2",
      "resolved": "https://registry.npmjs.org/multiformats/-/multiformats-13.4.2.tgz",
      "integrity": "sha512-eh6eHCrRi1+POZ3dA+Dq1C6jhP1GNtr9CRINMb67OKzqW9I5DUuZM/3jLPlzhgpGeiNUlEGEbkCYChXMCc/8DQ==",
      "license": "Apache-2.0 OR MIT"
    },
    "node_modules/playwright": {
      "version": "1.60.0",
      "resolved": "https://registry.npmjs.org/playwright/-/playwright-1.60.0.tgz",
      "integrity": "sha512-hheHdokM8cdqCb0lcE3s+zT4t4W+vvjpGxsZlDnikarzx8tSzMebh3UiFtgqwFwnTnjYQcsyMF8ei2mCO/tpeA==",
      "license": "Apache-2.0",
      "dependencies": {
        "playwright-core": "1.60.0"
      },
      "bin": {
        "playwright": "cli.js"
      },
      "engines": {
        "node": ">=18"
      },
      "optionalDependencies": {
        "fsevents": "2.3.2"
      }
    },
    "node_modules/playwright-core": {
      "version": "1.60.0",
      "resolved": "https://registry.npmjs.org/playwright-core/-/playwright-core-1.60.0.tgz",
      "integrity": "sha512-9bW6zvX/m0lEbgTKJ6YppOKx8H3VOPBMOCFh2irXFOT4BbHgrx5hPjwJYLT40Lu+4qtD36qKc/Hn56StUW57IA==",
      "license": "Apache-2.0",
      "bin": {
        "playwright-core": "cli.js"
      },
      "engines": {
        "node": ">=18"
      }
    },
    "node_modules/tlds": {
      "version": "1.261.0",
      "resolved": "https://registry.npmjs.org/tlds/-/tlds-1.261.0.tgz",
      "integrity": "sha512-QXqwfEl9ddlGBaRFXIvNKK6OhipSiLXuRuLJX5DErz0o0Q0rYxulWLdFryTkV5PkdZct5iMInwYEGe/eR++1AA==",
      "license": "MIT",
      "bin": {
        "tlds": "bin.js"
      }
    },
    "node_modules/tslib": {
      "version": "2.8.1",
      "resolved": "https://registry.npmjs.org/tslib/-/tslib-2.8.1.tgz",
      "integrity": "sha512-oJFu94HQb+KVduSUQL7wnpmqnfmLsOA/nAh6b6EH0wCEoK0/mPeXU6c3wKDV83MkOuHPRHtSXKKU99IBazS/2w==",
      "license": "0BSD"
    },
    "node_modules/uint8arrays": {
      "version": "5.1.1",
      "resolved": "https://registry.npmjs.org/uint8arrays/-/uint8arrays-5.1.1.tgz",
      "integrity": "sha512-9muQwa4wZG4dKi9gMAIBtnk2Pw87SRpvWTH6lOGm19V2Uqxr4uomUf2PGqPnWc+qs06sN8owUU4jfcoWOcfwVQ==",
      "license": "Apache-2.0 OR MIT",
      "dependencies": {
        "multiformats": "^13.0.0"
      }
    },
    "node_modules/unicode-segmenter": {
      "version": "0.14.5",
      "resolved": "https://registry.npmjs.org/unicode-segmenter/-/unicode-segmenter-0.14.5.tgz",
      "integrity": "sha512-jHGmj2LUuqDcX3hqY12Ql+uhUTn8huuxNZGq7GvtF6bSybzH3aFgedYu/KTzQStEgt1Ra2F3HxadNXsNjb3m3g==",
      "license": "MIT"
    },
    "node_modules/zod": {
      "version": "3.25.76",
      "resolved": "https://registry.npmjs.org/zod/-/zod-3.25.76.tgz",
      "integrity": "sha512-gzUt/qt81nXsFGKIFcC3YnfEAx5NkunCfnDlvuBSSFS02bcXu4Lmea0AFIUwbLWxWPx3d9p8S5QoaujKcNQxcQ==",
      "license": "MIT",
      "funding": {
        "url": "https://github.com/sponsors/colinhacks"
      }
    }
  }
}
